
Microsoft Visual Studio Solution File, Format Version 12.00
# Visual Studio Version 17
VisualStudioVersion = 17.11.35327.3
MinimumVisualStudioVersion = 10.0.40219.1
Project("{FAE04EC0-301F-11D3-BF4B-00C04F79EFBC}") = "ConsoleApp13", "ConsoleApp13.csproj", "{EA204E4F-9E31-4C53-9915-112ADD078D54}"
EndProject
Global
	GlobalSection(SolutionConfigurationPlatforms) = preSolution
		Debug|Any CPU = Debug|Any CPU
		Release|Any CPU = Release|Any CPU
	EndGlobalSection
	GlobalSection(ProjectConfigurationPlatforms) = postSolution
		{EA204E4F-9E31-4C53-9915-112ADD078D54}.Debug|Any CPU.ActiveCfg = Debug|Any CPU
		{EA204E4F-9E31-4C53-9915-112ADD078D54}.Debug|Any CPU.Build.0 = Debug|Any CPU
		{EA204E4F-9E31-4C53-9915-112ADD078D54}.Release|Any CPU.ActiveCfg = Release|Any CPU
		{EA204E4F-9E31-4C53-9915-112ADD078D54}.Release|Any CPU.Build.0 = Release|Any CPU
	EndGlobalSection
	GlobalSection(SolutionProperties) = preSolution
		HideSolutionNode = FALSE
	EndGlobalSection
	GlobalSection(ExtensibilityGlobals) = postSolution
		SolutionGuid = {AB771BE0-F39F-4752-8FF5-60E74118B71E}
	EndGlobalSection
EndGlobal
